
Microsoft Visual Studio Solution File, Format Version 12.00
# Visual Studio Version 16
VisualStudioVersion = 16.0.31424.327
MinimumVisualStudioVersion = 10.0.40219.1
Project("{9A19103F-16F7-4668-BE54-9A1E7A4F7556}") = "FavoriteApi", "FavoriteApi\FavoriteApi.csproj", "{D6EC6171-DE18-40E7-995D-98B43CB41153}"
EndProject
Project("{9A19103F-16F7-4668-BE54-9A1E7A4F7556}") = "WebAPI", "WebAPI\WebAPI\WebAPI.csproj", "{65870EED-01F6-42D1-B908-52EC5FEC169B}"
EndProject
Project("{9A19103F-16F7-4668-BE54-9A1E7A4F7556}") = "CodeFirstRec", "CodeFirstRec\CodeFirstRec\CodeFirstRec.csproj", "{2BCB04FF-9919-4BE6-BD09-A277CF4FF264}"
EndProject
Project("{FAE04EC0-301F-11D3-BF4B-00C04F79EFBC}") = "ApiTesting", "ApiTesting\ApiTesting.csproj", "{4847F37F-8A56-4DC2-A0D5-F70551F2198F}"
EndProject
Global
	GlobalSection(SolutionConfigurationPlatforms) = preSolution
		Debug|Any CPU = Debug|Any CPU
		Release|Any CPU = Release|Any CPU
	EndGlobalSection
	GlobalSection(ProjectConfigurationPlatforms) = postSolution
		{D6EC6171-DE18-40E7-995D-98B43CB41153}.Debug|Any CPU.ActiveCfg = Debug|Any CPU
		{D6EC6171-DE18-40E7-995D-98B43CB41153}.Debug|Any CPU.Build.0 = Debug|Any CPU
		{D6EC6171-DE18-40E7-995D-98B43CB41153}.Release|Any CPU.ActiveCfg = Release|Any CPU
		{D6EC6171-DE18-40E7-995D-98B43CB41153}.Release|Any CPU.Build.0 = Release|Any CPU
		{65870EED-01F6-42D1-B908-52EC5FEC169B}.Debug|Any CPU.ActiveCfg = Debug|Any CPU
		{65870EED-01F6-42D1-B908-52EC5FEC169B}.Debug|Any CPU.Build.0 = Debug|Any CPU
		{65870EED-01F6-42D1-B908-52EC5FEC169B}.Release|Any CPU.ActiveCfg = Release|Any CPU
		{65870EED-01F6-42D1-B908-52EC5FEC169B}.Release|Any CPU.Build.0 = Release|Any CPU
		{2BCB04FF-9919-4BE6-BD09-A277CF4FF264}.Debug|Any CPU.ActiveCfg = Debug|Any CPU
		{2BCB04FF-9919-4BE6-BD09-A277CF4FF264}.Debug|Any CPU.Build.0 = Debug|Any CPU
		{2BCB04FF-9919-4BE6-BD09-A277CF4FF264}.Release|Any CPU.ActiveCfg = Release|Any CPU
		{2BCB04FF-9919-4BE6-BD09-A277CF4FF264}.Release|Any CPU.Build.0 = Release|Any CPU
		{4847F37F-8A56-4DC2-A0D5-F70551F2198F}.Debug|Any CPU.ActiveCfg = Debug|Any CPU
		{4847F37F-8A56-4DC2-A0D5-F70551F2198F}.Debug|Any CPU.Build.0 = Debug|Any CPU
		{4847F37F-8A56-4DC2-A0D5-F70551F2198F}.Release|Any CPU.ActiveCfg = Release|Any CPU
		{4847F37F-8A56-4DC2-A0D5-F70551F2198F}.Release|Any CPU.Build.0 = Release|Any CPU
	EndGlobalSection
	GlobalSection(SolutionProperties) = preSolution
		HideSolutionNode = FALSE
	EndGlobalSection
	GlobalSection(ExtensibilityGlobals) = postSolution
		SolutionGuid = {4777B745-D590-486F-B1CF-EDEBD2CD02F0}
	EndGlobalSection
EndGlobal
